{
  "name": "netlify-local-plugins",
  "version": "1.0.0",
  "lockfileVersion": 3,
  "requires": true,
  "packages": {
    "": {
      "name": "netlify-local-plugins",
      "version": "1.0.0",
      "license": "MIT",
      "dependencies": {
        "@netlify/plugin-nextjs": "5.15.8"
      }
    },
    "node_modules/@netlify/plugin-nextjs": {
      "version": "5.15.8",
      "resolved": "https://registry.npmjs.org/@netlify/plugin-nextjs/-/plugin-nextjs-5.15.8.tgz",
      "integrity": "sha512-zxHVtYhNV1ixLX/4xX6PFTxpM5ltfQIMXUo0JbppUWvDaYeeZIqoEmlYdfIHx6BKyjLSMm8D/b3IRReK5VYuyA==",
      "license": "MIT",
      "engines": {
        "node": ">=18.0.0"
      }
    }
  }
}
